
Microsoft Visual Studio Solution File, Format Version 12.00
Project("{FAE04EC0-301F-11D3-BF4B-00C04F79EFBC}") = "TestConsoleStringContains", "TestConsoleStringContains\TestConsoleStringContains.csproj", "{634C1DDF-2784-48C9-BCD5-4DB9C88616AD}"
EndProject
Global
	GlobalSection(SolutionConfigurationPlatforms) = preSolution
		Debug|Any CPU = Debug|Any CPU
		Release|Any CPU = Release|Any CPU
	EndGlobalSection
	GlobalSection(ProjectConfigurationPlatforms) = postSolution
		{634C1DDF-2784-48C9-BCD5-4DB9C88616AD}.Debug|Any CPU.ActiveCfg = Debug|Any CPU
		{634C1DDF-2784-48C9-BCD5-4DB9C88616AD}.Debug|Any CPU.Build.0 = Debug|Any CPU
		{634C1DDF-2784-48C9-BCD5-4DB9C88616AD}.Release|Any CPU.ActiveCfg = Release|Any CPU
		{634C1DDF-2784-48C9-BCD5-4DB9C88616AD}.Release|Any CPU.Build.0 = Release|Any CPU
	EndGlobalSection
EndGlobal
